// !$*UTF8*$!
{
	archiveVersion = 1;
	classes = {
	};
	objectVersion = 46;
	objects = {

/* Begin PBXBuildFile section */
		CC3865741CAD74FA002C01E6 /* .gitignore in Resources */ = {isa = PBXBuildFile; fileRef = CC3865731CAD74FA002C01E6 /* .gitignore */; };
		CC99EFC81C8DF7E300F5CD85 /* AppDelegate.swift in Sources */ = {isa = PBXBuildFile; fileRef = CC99EFC71C8DF7E300F5CD85 /* AppDelegate.swift */; };
		CC99EFCF1C8DF7E300F5CD85 /* Assets.xcassets in Resources */ = {isa = PBXBuildFile; fileRef = CC99EFCE1C8DF7E300F5CD85 /* Assets.xcassets */; };
		CC9FF3811C94E4EB00E7F972 /* ViewController.swift in Sources */ = {isa = PBXBuildFile; fileRef = CCB4D6801C8E1D8900930A24 /* ViewController.swift */; };
		CCB4D6831C8E1D9000930A24 /* Main.storyboard in Resources */ = {isa = PBXBuildFile; fileRef = CCB4D6821C8E1D9000930A24 /* Main.storyboard */; };
/* End PBXBuildFile section */

/* Begin PBXFileReference section */
		CC3865731CAD74FA002C01E6 /* .gitignore */ = {isa = PBXFileReference; fileEncoding = 4; lastKnownFileType = text; path = .gitignore; sourceTree = "<group>"; };
		CC99EFC41C8DF7E300F5CD85 /* Cumulus.app */ = {isa = PBXFileReference; explicitFileType = wrapper.application; includeInIndex = 0; path = Cumulus.app; sourceTree = BUILT_PRODUCTS_DIR; };
		CC99EFC71C8DF7E300F5CD85 /* AppDelegate.swift */ = {isa = PBXFileReference; lastKnownFileType = sourcecode.swift; path = AppDelegate.swift; sourceTree = "<group>"; };
		CC99EFCE1C8DF7E300F5CD85 /* Assets.xcassets */ = {isa = PBXFileReference; lastKnownFileType = folder.assetcatalog; path = Assets.xcassets; sourceTree = "<group>"; };
		CC99EFD01C8DF7E300F5CD85 /* Info.plist */ = {isa = PBXFileReference; lastKnownFileType = text.plist.xml; path = Info.plist; sourceTree = "<group>"; };
		CCB4D6801C8E1D8900930A24 /* ViewController.swift */ = {isa = PBXFileReference; fileEncoding = 4; lastKnownFileType = sourcecode.swift; path = ViewController.swift; sourceTree = "<group>"; };
		CCB4D6821C8E1D9000930A24 /* Main.storyboard */ = {isa = PBXFileReference; fileEncoding = 4; lastKnownFileType = file.storyboard; path = Main.storyboard; sourceTree = "<group>"; };
/* End PBXFileReference section */

/* Begin PBXFrameworksBuildPhase section */
		CC99EFC11C8DF7E300F5CD85 /* Frameworks */ = {
			isa = PBXFrameworksBuildPhase;
			buildActionMask = 2147483647;
			files = (
			);
			runOnlyForDeploymentPostprocessing = 0;
		};
/* End PBXFrameworksBuildPhase section */

/* Begin PBXGroup section */
		CC99EFBB1C8DF7E200F5CD85 = {
			isa = PBXGroup;
			children = (
				CC99EFC61C8DF7E300F5CD85 /* Cumulus */,
				CC99EFC51C8DF7E300F5CD85 /* Products */,
			);
			sourceTree = "<group>";
		};
		CC99EFC51C8DF7E300F5CD85 /* Products */ = {
			isa = PBXGroup;
			children = (
				CC99EFC41C8DF7E300F5CD85 /* Cumulus.app */,
			);
			name = Products;
			sourceTree = "<group>";
		};
		CC99EFC61C8DF7E300F5CD85 /* Cumulus */ = {
			isa = PBXGroup;
			children = (
				CCB4D6821C8E1D9000930A24 /* Main.storyboard */,
				CCB4D6801C8E1D8900930A24 /* ViewController.swift */,
				CC99EFC71C8DF7E300F5CD85 /* AppDelegate.swift */,
				CC99EFCE1C8DF7E300F5CD85 /* Assets.xcassets */,
				CC99EFD01C8DF7E300F5CD85 /* Info.plist */,
				CC3865731CAD74FA002C01E6 /* .gitignore */,
			);
			path = Cumulus;
			sourceTree = SOURCE_ROOT;
		};
/* End PBXGroup section */

/* Begin PBXNativeTarget section */
		CC99EFC31C8DF7E300F5CD85 /* Cumulus */ = {
			isa = PBXNativeTarget;
			buildConfigurationList = CC99EFD31C8DF7E300F5CD85 /* Build configuration list for PBXNativeTarget "Cumulus" */;
			buildPhases = (
				CC99EFC01C8DF7E300F5CD85 /* Sources */,
				CC99EFC11C8DF7E300F5CD85 /* Frameworks */,
				CC99EFC21C8DF7E300F5CD85 /* Resources */,
			);
			buildRules = (
			);
			dependencies = (
			);
			name = Cumulus;
			productName = NLHTML5;
			productReference = CC99EFC41C8DF7E300F5CD85 /* Cumulus.app */;
			productType = "com.apple.product-type.application";
		};
/* End PBXNativeTarget section */

/* Begin PBXProject section */
		CC99EFBC1C8DF7E200F5CD85 /* Project object */ = {
			isa = PBXProject;
			attributes = {
				LastSwiftUpdateCheck = 0720;
				LastUpgradeCheck = 0720;
				ORGANIZATIONNAME = "Michiel De Mey";
				TargetAttributes = {
					CC99EFC31C8DF7E300F5CD85 = {
						CreatedOnToolsVersion = 7.2;
						DevelopmentTeam = R4WWFYZT6Y;
					};
				};
			};
			buildConfigurationList = CC99EFBF1C8DF7E200F5CD85 /* Build configuration list for PBXProject "Cumulus" */;
			compatibilityVersion = "Xcode 3.2";
			developmentRegion = English;
			hasScannedForEncodings = 0;
			knownRegions = (
				en,
				Base,
			);
			mainGroup = CC99EFBB1C8DF7E200F5CD85;
			productRefGroup = CC99EFC51C8DF7E300F5CD85 /* Products */;
			projectDirPath = "";
			projectRoot = "";
			targets = (
				CC99EFC31C8DF7E300F5CD85 /* Cumulus */,
			);
		};
/* End PBXProject section */

/* Begin PBXResourcesBuildPhase section */
		CC99EFC21C8DF7E300F5CD85 /* Resources */ = {
			isa = PBXResourcesBuildPhase;
			buildActionMask = 2147483647;
			files = (
				CC99EFCF1C8DF7E300F5CD85 /* Assets.xcassets in Resources */,
				CC3865741CAD74FA002C01E6 /* .gitignore in Resources */,
				CCB4D6831C8E1D9000930A24 /* Main.storyboard in Resources */,
			);
			runOnlyForDeploymentPostprocessing = 0;
		};
/* End PBXResourcesBuildPhase section */

/* Begin PBXSourcesBuildPhase section */
		CC99EFC01C8DF7E300F5CD85 /* Sources */ = {
			isa = PBXSourcesBuildPhase;
			buildActionMask = 2147483647;
			files = (
				CC9FF3811C94E4EB00E7F972 /* ViewController.swift in Sources */,
				CC99EFC81C8DF7E300F5CD85 /* AppDelegate.swift in Sources */,
			);
			runOnlyForDeploymentPostprocessing = 0;
		};
/* End PBXSourcesBuildPhase section */

/* Begin XCBuildConfiguration section */
		CC99EFD11C8DF7E300F5CD85 /* Debug */ = {
			isa = XCBuildConfiguration;
			buildSettings = {
				ALWAYS_SEARCH_USER_PATHS = NO;
				CLANG_CXX_LANGUAGE_STANDARD = "gnu++0x";
				CLANG_CXX_LIBRARY = "libc++";
				CLANG_ENABLE_MODULES = YES;
				CLANG_ENABLE_OBJC_ARC = YES;
				CLANG_WARN_BOOL_CONVERSION = YES;
				CLANG_WARN_CONSTANT_CONVERSION = YES;
				CLANG_WARN_DIRECT_OBJC_ISA_USAGE = YES_ERROR;
				CLANG_WARN_EMPTY_BODY = YES;
				CLANG_WARN_ENUM_CONVERSION = YES;
				CLANG_WARN_INT_CONVERSION = YES;
				CLANG_WARN_OBJC_ROOT_CLASS = YES_ERROR;
				CLANG_WARN_UNREACHABLE_CODE = YES;
				CLANG_WARN__DUPLICATE_METHOD_MATCH = YES;
				COPY_PHASE_STRIP = NO;
				DEBUG_INFORMATION_FORMAT = dwarf;
				ENABLE_STRICT_OBJC_MSGSEND = YES;
				ENABLE_TESTABILITY = YES;
				GCC_C_LANGUAGE_STANDARD = gnu99;
				GCC_DYNAMIC_NO_PIC = NO;
				GCC_NO_COMMON_BLOCKS = YES;
				GCC_OPTIMIZATION_LEVEL = 0;
				GCC_PREPROCESSOR_DEFINITIONS = (
					"DEBUG=1",
					"$(inherited)",
				);
				GCC_WARN_64_TO_32_BIT_CONVERSION = YES;
				GCC_WARN_ABOUT_RETURN_TYPE = YES_ERROR;
				GCC_WARN_UNDECLARED_SELECTOR = YES;
				GCC_WARN_UNINITIALIZED_AUTOS = YES_AGGRESSIVE;
				GCC_WARN_UNUSED_FUNCTION = YES;
				GCC_WARN_UNUSED_VARIABLE = YES;
				MTL_ENABLE_DEBUG_INFO = YES;
				ONLY_ACTIVE_ARCH = YES;
				SDKROOT = appletvos;
				SWIFT_OPTIMIZATION_LEVEL = "-Onone";
				TARGETED_DEVICE_FAMILY = 3;
				TVOS_DEPLOYMENT_TARGET = 9.1;
			};
			name = Debug;
		};
		CC99EFD21C8DF7E300F5CD85 /* Release */ = {
			isa = XCBuildConfiguration;
			buildSettings = {
				ALWAYS_SEARCH_USER_PATHS = NO;
				CLANG_CXX_LANGUAGE_STANDARD = "gnu++0x";
				CLANG_CXX_LIBRARY = "libc++";
				CLANG_ENABLE_MODULES = YES;
				CLANG_ENABLE_OBJC_ARC = YES;
				CLANG_WARN_BOOL_CONVERSION = YES;
				CLANG_WARN_CONSTANT_CONVERSION = YES;
				CLANG_WARN_DIRECT_OBJC_ISA_USAGE = YES_ERROR;
				CLANG_WARN_EMPTY_BODY = YES;
				CLANG_WARN_ENUM_CONVERSION = YES;
				CLANG_WARN_INT_CONVERSION = YES;
				CLANG_WARN_OBJC_ROOT_CLASS = YES_ERROR;
				CLANG_WARN_UNREACHABLE_CODE = YES;
				CLANG_WARN__DUPLICATE_METHOD_MATCH = YES;
				COPY_PHASE_STRIP = NO;
				DEBUG_INFORMATION_FORMAT = "dwarf-with-dsym";
				ENABLE_NS_ASSERTIONS = NO;
				ENABLE_STRICT_OBJC_MSGSEND = YES;
				GCC_C_LANGUAGE_STANDARD = gnu99;
				GCC_NO_COMMON_BLOCKS = YES;
				GCC_WARN_64_TO_32_BIT_CONVERSION = YES;
				GCC_WARN_ABOUT_RETURN_TYPE = YES_ERROR;
				GCC_WARN_UNDECLARED_SELECTOR = YES;
				GCC_WARN_UNINITIALIZED_AUTOS = YES_AGGRESSIVE;
				GCC_WARN_UNUSED_FUNCTION = YES;
				GCC_WARN_UNUSED_VARIABLE = YES;
				MTL_ENABLE_DEBUG_INFO = NO;
				SDKROOT = appletvos;
				TARGETED_DEVICE_FAMILY = 3;
				TVOS_DEPLOYMENT_TARGET = 9.1;
				VALIDATE_PRODUCT = YES;
			};
			name = Release;
		};
		CC99EFD41C8DF7E300F5CD85 /* Debug */ = {
			isa = XCBuildConfiguration;
			buildSettings = {
				ASSETCATALOG_COMPILER_APPICON_NAME = "App Icon & Top Shelf Image";
				ASSETCATALOG_COMPILER_LAUNCHIMAGE_NAME = LaunchImage;
				CODE_SIGN_IDENTITY = "iPhone Developer";
				"CODE_SIGN_IDENTITY[sdk=appletvos*]" = "iPhone Developer";
				INFOPLIST_FILE = Cumulus/Info.plist;
				LD_RUNPATH_SEARCH_PATHS = "$(inherited) @executable_path/Frameworks";
				PRODUCT_BUNDLE_IDENTIFIER = michieldemey.Cumulus;
				PRODUCT_NAME = Cumulus;
				PROVISIONING_PROFILE = "";
			};
			name = Debug;
		};
		CC99EFD51C8DF7E300F5CD85 /* Release */ = {
			isa = XCBuildConfiguration;
			buildSettings = {
				ASSETCATALOG_COMPILER_APPICON_NAME = "App Icon & Top Shelf Image";
				ASSETCATALOG_COMPILER_LAUNCHIMAGE_NAME = LaunchImage;
				CODE_SIGN_IDENTITY = "iPhone Developer";
				"CODE_SIGN_IDENTITY[sdk=appletvos*]" = "iPhone Developer";
				INFOPLIST_FILE = Cumulus/Info.plist;
				LD_RUNPATH_SEARCH_PATHS = "$(inherited) @executable_path/Frameworks";
				PRODUCT_BUNDLE_IDENTIFIER = michieldemey.Cumulus;
				PRODUCT_NAME = Cumulus;
				PROVISIONING_PROFILE = "";
			};
			name = Release;
		};
/* End XCBuildConfiguration section */

/* Begin XCConfigurationList section */
		CC99EFBF1C8DF7E200F5CD85 /* Build configuration list for PBXProject "Cumulus" */ = {
			isa = XCConfigurationList;
			buildConfigurations = (
				CC99EFD11C8DF7E300F5CD85 /* Debug */,
				CC99EFD21C8DF7E300F5CD85 /* Release */,
			);
			defaultConfigurationIsVisible = 0;
			defaultConfigurationName = Release;
		};
		CC99EFD31C8DF7E300F5CD85 /* Build configuration list for PBXNativeTarget "Cumulus" */ = {
			isa = XCConfigurationList;
			buildConfigurations = (
				CC99EFD41C8DF7E300F5CD85 /* Debug */,
				CC99EFD51C8DF7E300F5CD85 /* Release */,
			);
			defaultConfigurationIsVisible = 0;
			defaultConfigurationName = Release;
		};
/* End XCConfigurationList section */
	};
	rootObject = CC99EFBC1C8DF7E200F5CD85 /* Project object */;
}
